{
  "nodes": {
    "bigints": {
      "inputs": {
        "flakeNimbleLib": [
          "flakeNimbleLib"
        ],
        "nixpkgs": [
          "nixpkgs"
        ],
        "src-bigints-v1_0_0": "src-bigints-v1_0_0"
      },
      "locked": {
        "dir": "v1_0_0",
        "lastModified": 1667322166,
        "narHash": "sha256-yJ8RGLWZS1yha44DQF8cf95dz2ogPHUkIRz9PzWPm/g=",
        "owner": "nim-nix-pkgs",
        "repo": "bigints",
        "rev": "5bc011a4784366929c3231f28a2d700fd1f59fa4",
        "type": "github"
      },
      "original": {
        "dir": "v1_0_0",
        "owner": "nim-nix-pkgs",
        "ref": "master",
        "repo": "bigints",
        "type": "github"
      }
    },
    "flakeNimbleLib": {
      "inputs": {
        "nixpkgs": [
          "nixpkgs"
        ]
      },
      "locked": {
        "lastModified": 1662018438,
        "narHash": "sha256-QtNtU6+LX3Wokxf0zlFwKTFOcn6TeDjKQZ+DA9OYtvM=",
        "owner": "riinr",
        "repo": "nim-flakes-lib",
        "rev": "b1fe8340736e3a85d25c709ac3dfd82a55c03cbf",
        "type": "github"
      },
      "original": {
        "owner": "riinr",
        "ref": "master",
        "repo": "nim-flakes-lib",
        "type": "github"
      }
    },
    "nixpkgs": {
      "locked": {
        "lastModified": 1667110639,
        "narHash": "sha256-4FbPESZ5LbqQxkJJJBAfk/zKgF9h/4kyUwjjpJwYlbc=",
        "owner": "NixOS",
        "repo": "nixpkgs",
        "rev": "f38a1f04d1bec1feb61fd101a0539ae2002a7087",
        "type": "github"
      },
      "original": {
        "id": "nixpkgs",
        "type": "indirect"
      }
    },
    "npeg": {
      "inputs": {
        "flakeNimbleLib": [
          "flakeNimbleLib"
        ],
        "nixpkgs": [
          "nixpkgs"
        ],
        "src-npeg-0_26_0": "src-npeg-0_26_0"
      },
      "locked": {
        "dir": "0_26_0",
        "lastModified": 1667322535,
        "narHash": "sha256-CNG00sOWyw37OLrQeDk6j1Qcj4Zq1szIAH5StGdhlNg=",
        "owner": "nim-nix-pkgs",
        "repo": "npeg",
        "rev": "263388fd5342350c7e9e31b9bb7f6df172f64534",
        "type": "github"
      },
      "original": {
        "dir": "0_26_0",
        "owner": "nim-nix-pkgs",
        "ref": "master",
        "repo": "npeg",
        "type": "github"
      }
    },
    "root": {
      "inputs": {
        "bigints": "bigints",
        "flakeNimbleLib": "flakeNimbleLib",
        "nixpkgs": "nixpkgs",
        "npeg": "npeg",
        "src-preserves-devel": "src-preserves-devel"
      }
    },
    "src-bigints-v1_0_0": {
      "flake": false,
      "locked": {
        "lastModified": 1652764485,
        "narHash": "sha256-dwA2T/PLtmihZun1l39RYIMt5/EpHf2ia6GM3ghJtnY=",
        "owner": "nim-lang",
        "repo": "bigints",
        "rev": "d843ecfe1e2a62c3b0e29d211df09763da408cac",
        "type": "github"
      },
      "original": {
        "owner": "nim-lang",
        "ref": "refs/tags/v1.0.0",
        "repo": "bigints",
        "type": "github"
      }
    },
    "src-npeg-0_26_0": {
      "flake": false,
      "locked": {
        "lastModified": 1638043012,
        "narHash": "sha256-TONFgg0upLJuhsP9y+z+kYZp+m8/h36NK/VOK2h0Aw0=",
        "owner": "zevv",
        "repo": "npeg",
        "rev": "afbd4e09055a9c01ea4b860a7a622748bc382e8f",
        "type": "github"
      },
      "original": {
        "owner": "zevv",
        "ref": "refs/tags/0.26.0",
        "repo": "npeg",
        "type": "github"
      }
    },
    "src-preserves-devel": {
      "flake": false,
      "locked": {
        "lastModified": 1632917565,
        "narHash": "sha256-vYWrUhGmoAFKnuyhqHKGKke8UiXbWA6Jo7s1B6LOFJA=",
        "owner": "~ehmry",
        "repo": "preserves-nim",
        "rev": "b3316c5d53c6a3d68ba377bfedc1dc5f08c754c5",
        "type": "sourcehut"
      },
      "original": {
        "owner": "~ehmry",
        "ref": "devel",
        "repo": "preserves-nim",
        "type": "sourcehut"
      }
    }
  },
  "root": "root",
  "version": 7
}
